
Microsoft Visual Studio Solution File, Format Version 12.00
# Visual Studio 14
VisualStudioVersion = 14.0.25420.1
MinimumVisualStudioVersion = 10.0.40219.1
Project("{FAE04EC0-301F-11D3-BF4B-00C04F79EFBC}") = "GmTool", "GmTool.csproj", "{213C9AA2-4544-4906-AEB0-B03766C8C223}"
EndProject
Project("{FAE04EC0-301F-11D3-BF4B-00C04F79EFBC}") = "GarminCore", "..\GarminCore\GarminCore.csproj", "{38020956-623A-49C4-A9CA-12240D191ADD}"
EndProject
Global
	GlobalSection(SolutionConfigurationPlatforms) = preSolution
		Debug|Any CPU = Debug|Any CPU
		Release|Any CPU = Release|Any CPU
	EndGlobalSection
	GlobalSection(ProjectConfigurationPlatforms) = postSolution
		{213C9AA2-4544-4906-AEB0-B03766C8C223}.Debug|Any CPU.ActiveCfg = Debug|Any CPU
		{213C9AA2-4544-4906-AEB0-B03766C8C223}.Debug|Any CPU.Build.0 = Debug|Any CPU
		{213C9AA2-4544-4906-AEB0-B03766C8C223}.Release|Any CPU.ActiveCfg = Release|Any CPU
		{213C9AA2-4544-4906-AEB0-B03766C8C223}.Release|Any CPU.Build.0 = Release|Any CPU
		{38020956-623A-49C4-A9CA-12240D191ADD}.Debug|Any CPU.ActiveCfg = Debug|Any CPU
		{38020956-623A-49C4-A9CA-12240D191ADD}.Debug|Any CPU.Build.0 = Debug|Any CPU
		{38020956-623A-49C4-A9CA-12240D191ADD}.Release|Any CPU.ActiveCfg = Release|Any CPU
		{38020956-623A-49C4-A9CA-12240D191ADD}.Release|Any CPU.Build.0 = Release|Any CPU
	EndGlobalSection
	GlobalSection(SolutionProperties) = preSolution
		HideSolutionNode = FALSE
	EndGlobalSection
EndGlobal
